
Microsoft Visual Studio Solution File, Format Version 12.00
# Visual Studio Version 17
VisualStudioVersion = 17.7.34031.279
MinimumVisualStudioVersion = 10.0.40219.1
Project("{FAE04EC0-301F-11D3-BF4B-00C04F79EFBC}") = "CST350_BibleVerseBenchmark_DanielThompson", "CST350_BibleVerseBenchmark_DanielThompson\CST350_BibleVerseBenchmark_DanielThompson.csproj", "{CE9ED965-AC67-423F-A261-DB640D072DCD}"
EndProject
Global
	GlobalSection(SolutionConfigurationPlatforms) = preSolution
		Debug|Any CPU = Debug|Any CPU
		Release|Any CPU = Release|Any CPU
	EndGlobalSection
	GlobalSection(ProjectConfigurationPlatforms) = postSolution
		{CE9ED965-AC67-423F-A261-DB640D072DCD}.Debug|Any CPU.ActiveCfg = Debug|Any CPU
		{CE9ED965-AC67-423F-A261-DB640D072DCD}.Debug|Any CPU.Build.0 = Debug|Any CPU
		{CE9ED965-AC67-423F-A261-DB640D072DCD}.Release|Any CPU.ActiveCfg = Release|Any CPU
		{CE9ED965-AC67-423F-A261-DB640D072DCD}.Release|Any CPU.Build.0 = Release|Any CPU
	EndGlobalSection
	GlobalSection(SolutionProperties) = preSolution
		HideSolutionNode = FALSE
	EndGlobalSection
	GlobalSection(ExtensibilityGlobals) = postSolution
		SolutionGuid = {7C90C688-0509-4372-9FBD-8936ADA36351}
	EndGlobalSection
EndGlobal
